{
  "requires": true,
  "lockfileVersion": 1,
  "dependencies": {
    "tefi-palindrome": {
      "version": "0.1.0",
      "resolved": "https://registry.npmjs.org/tefi-palindrome/-/tefi-palindrome-0.1.0.tgz",
      "integrity": "sha512-mW0vM3I9tOqtYgI2j6YS96dbbyHbG5z8rzhnXH/WI8EfkkR9U4z3RoJxJocS10a4V0cP6GU6aX/giPdYEq/bXg=="
    }
  }
}
